
Microsoft Visual Studio Solution File, Format Version 11.00
# Visual Studio 2010
Project("{FAE04EC0-301F-11D3-BF4B-00C04F79EFBC}") = "FluentAutomation", "SourceCode\FluentAutomation\FluentAutomation.csproj", "{ACDD2EA5-2671-4B64-AF12-EEE22A817EE1}"
EndProject
Project("{FAE04EC0-301F-11D3-BF4B-00C04F79EFBC}") = "FluentAutomation.Tests", "SourceCode\FluentAutomation.Tests\FluentAutomation.Tests.csproj", "{BC3B541A-02DA-4CAD-BBD0-7C79D2E8554D}"
EndProject
Global
	GlobalSection(SolutionConfigurationPlatforms) = preSolution
		Debug|Any CPU = Debug|Any CPU
		Release|Any CPU = Release|Any CPU
	EndGlobalSection
	GlobalSection(ProjectConfigurationPlatforms) = postSolution
		{ACDD2EA5-2671-4B64-AF12-EEE22A817EE1}.Debug|Any CPU.ActiveCfg = Debug|Any CPU
		{ACDD2EA5-2671-4B64-AF12-EEE22A817EE1}.Debug|Any CPU.Build.0 = Debug|Any CPU
		{ACDD2EA5-2671-4B64-AF12-EEE22A817EE1}.Release|Any CPU.ActiveCfg = Release|Any CPU
		{ACDD2EA5-2671-4B64-AF12-EEE22A817EE1}.Release|Any CPU.Build.0 = Release|Any CPU
		{BC3B541A-02DA-4CAD-BBD0-7C79D2E8554D}.Debug|Any CPU.ActiveCfg = Debug|Any CPU
		{BC3B541A-02DA-4CAD-BBD0-7C79D2E8554D}.Debug|Any CPU.Build.0 = Debug|Any CPU
		{BC3B541A-02DA-4CAD-BBD0-7C79D2E8554D}.Release|Any CPU.ActiveCfg = Release|Any CPU
		{BC3B541A-02DA-4CAD-BBD0-7C79D2E8554D}.Release|Any CPU.Build.0 = Release|Any CPU
	EndGlobalSection
	GlobalSection(SolutionProperties) = preSolution
		HideSolutionNode = FALSE
	EndGlobalSection
EndGlobal
