
Microsoft Visual Studio Solution File, Format Version 11.00
# Visual Studio 2010
Project("{FAE04EC0-301F-11D3-BF4B-00C04F79EFBC}") = "FluentAutomation.Server", "FluentAutomation.Server.csproj", "{86291166-095D-4725-9830-2A7A85E04E8D}"
EndProject
Project("{FAE04EC0-301F-11D3-BF4B-00C04F79EFBC}") = "FluentAutomation.RemoteCommands", "..\FluentAutomation.RemoteCommands\FluentAutomation.RemoteCommands.csproj", "{907DAA1D-3E2B-4BA3-9D4C-C964C81D89D0}"
EndProject
Global
	GlobalSection(SolutionConfigurationPlatforms) = preSolution
		Debug|Any CPU = Debug|Any CPU
		Release|Any CPU = Release|Any CPU
	EndGlobalSection
	GlobalSection(ProjectConfigurationPlatforms) = postSolution
		{86291166-095D-4725-9830-2A7A85E04E8D}.Debug|Any CPU.ActiveCfg = Debug|Any CPU
		{86291166-095D-4725-9830-2A7A85E04E8D}.Debug|Any CPU.Build.0 = Debug|Any CPU
		{86291166-095D-4725-9830-2A7A85E04E8D}.Release|Any CPU.ActiveCfg = Release|Any CPU
		{86291166-095D-4725-9830-2A7A85E04E8D}.Release|Any CPU.Build.0 = Release|Any CPU
		{907DAA1D-3E2B-4BA3-9D4C-C964C81D89D0}.Debug|Any CPU.ActiveCfg = Debug|Any CPU
		{907DAA1D-3E2B-4BA3-9D4C-C964C81D89D0}.Debug|Any CPU.Build.0 = Debug|Any CPU
		{907DAA1D-3E2B-4BA3-9D4C-C964C81D89D0}.Release|Any CPU.ActiveCfg = Release|Any CPU
		{907DAA1D-3E2B-4BA3-9D4C-C964C81D89D0}.Release|Any CPU.Build.0 = Release|Any CPU
	EndGlobalSection
	GlobalSection(SolutionProperties) = preSolution
		HideSolutionNode = FALSE
	EndGlobalSection
EndGlobal
